
Microsoft Visual Studio Solution File, Format Version 12.00
# Visual Studio Version 17
VisualStudioVersion = 17.14.36202.13 d17.14
MinimumVisualStudioVersion = 10.0.40219.1
Project("{FAE04EC0-301F-11D3-BF4B-00C04F79EFBC}") = "Proyecto con Windows Forms", "Proyecto con Windows Forms\Proyecto con Windows Forms.csproj", "{498D7208-ECD3-4482-9AA4-08281F4D8E3D}"
EndProject
Global
	GlobalSection(SolutionConfigurationPlatforms) = preSolution
		Debug|Any CPU = Debug|Any CPU
		Release|Any CPU = Release|Any CPU
	EndGlobalSection
	GlobalSection(ProjectConfigurationPlatforms) = postSolution
		{498D7208-ECD3-4482-9AA4-08281F4D8E3D}.Debug|Any CPU.ActiveCfg = Debug|Any CPU
		{498D7208-ECD3-4482-9AA4-08281F4D8E3D}.Debug|Any CPU.Build.0 = Debug|Any CPU
		{498D7208-ECD3-4482-9AA4-08281F4D8E3D}.Release|Any CPU.ActiveCfg = Release|Any CPU
		{498D7208-ECD3-4482-9AA4-08281F4D8E3D}.Release|Any CPU.Build.0 = Release|Any CPU
	EndGlobalSection
	GlobalSection(SolutionProperties) = preSolution
		HideSolutionNode = FALSE
	EndGlobalSection
	GlobalSection(ExtensibilityGlobals) = postSolution
		SolutionGuid = {08B527E5-3F4D-4E64-B36D-2289BE6D4508}
	EndGlobalSection
EndGlobal
